
Microsoft Visual Studio Solution File, Format Version 12.00
# Visual Studio Version 17
VisualStudioVersion = 17.10.35013.160
MinimumVisualStudioVersion = 10.0.40219.1
Project("{FAE04EC0-301F-11D3-BF4B-00C04F79EFBC}") = "JKLM", "JKLM.csproj", "{72ACBE2A-46F4-4BA2-8838-4DE81C3E9193}"
EndProject
Global
	GlobalSection(SolutionConfigurationPlatforms) = preSolution
		Debug|Any CPU = Debug|Any CPU
		Release|Any CPU = Release|Any CPU
	EndGlobalSection
	GlobalSection(ProjectConfigurationPlatforms) = postSolution
		{72ACBE2A-46F4-4BA2-8838-4DE81C3E9193}.Debug|Any CPU.ActiveCfg = Debug|Any CPU
		{72ACBE2A-46F4-4BA2-8838-4DE81C3E9193}.Debug|Any CPU.Build.0 = Debug|Any CPU
		{72ACBE2A-46F4-4BA2-8838-4DE81C3E9193}.Release|Any CPU.ActiveCfg = Release|Any CPU
		{72ACBE2A-46F4-4BA2-8838-4DE81C3E9193}.Release|Any CPU.Build.0 = Release|Any CPU
	EndGlobalSection
	GlobalSection(SolutionProperties) = preSolution
		HideSolutionNode = FALSE
	EndGlobalSection
	GlobalSection(ExtensibilityGlobals) = postSolution
		SolutionGuid = {EE851111-923D-46F9-9824-37BCD67AED58}
	EndGlobalSection
EndGlobal
